# THIS IS AN AUTOGENERATED FILE. DO NOT EDIT THIS FILE DIRECTLY.
# yarn lockfile v1


"@babel/runtime@^7.27.6":
  version "7.27.6"
  resolved "https://registry.yarnpkg.com/@babel/runtime/-/runtime-7.27.6.tgz#ec4070a04d76bae8ddbb10770ba55714a417b7c6"
  integrity sha512-vbavdySgbTTrmFE+EsiqUTzlOr5bzlnJtUv9PynGCAKvfQqjIXbvFdumPM/GxMDfyuGMJaJAU6TO4zc1Jf1i8Q==

"@mui/icons-material@^7.2.0":
  version "7.2.0"
  resolved "https://registry.yarnpkg.com/@mui/icons-material/-/icons-material-7.2.0.tgz#e01de90ecf3cdccee7f8e88e7e033df5e3f050e1"
  integrity sha512-gRCspp3pfjHQyTmSOmYw7kUQTd9Udpdan4R8EnZvqPeoAtHnPzkvjBrBqzKaoAbbBp5bGF7BcD18zZJh4nwu0A==
  dependencies:
    "@babel/runtime" "^7.27.6"
